{
  "requires": true,
  "lockfileVersion": 1,
  "dependencies": {
    "d3-flextree": {
      "version": "2.1.1",
      "resolved": "https://registry.npmjs.org/d3-flextree/-/d3-flextree-2.1.1.tgz",
      "integrity": "sha512-P0SK6bRm0PT5ZZON8Lh/aOcFfr4rO53kaYCXCgwBCvsHJcYjtOb8fNrgmpOmCMCgfrT9EczXzD8wqEO8mlkBrA==",
      "requires": {
        "d3-hierarchy": "^1.1.5"
      }
    },
    "d3-hierarchy": {
      "version": "1.1.9",
      "resolved": "https://registry.npmjs.org/d3-hierarchy/-/d3-hierarchy-1.1.9.tgz",
      "integrity": "sha512-j8tPxlqh1srJHAtxfvOUwKNYJkQuBFdM1+JAUfq6xqH5eAqf93L7oG1NVqDa4CpFZNvnNKtCYEUC8KY9yEn9lQ=="
    }
  }
}
